
Microsoft Visual Studio Solution File, Format Version 12.00
# Visual Studio Version 17
VisualStudioVersion = 17.7.34024.191
MinimumVisualStudioVersion = 10.0.40219.1
Project("{8BC9CEB8-8B4A-11D0-8D11-00A0C91BC942}") = "CG_termproject", "CG_termproject\CG_termproject.vcxproj", "{93D2D6EC-74C8-4833-998D-B52A91368876}"
EndProject
Global
	GlobalSection(SolutionConfigurationPlatforms) = preSolution
		Debug|x64 = Debug|x64
		Debug|x86 = Debug|x86
		Release|x64 = Release|x64
		Release|x86 = Release|x86
	EndGlobalSection
	GlobalSection(ProjectConfigurationPlatforms) = postSolution
		{93D2D6EC-74C8-4833-998D-B52A91368876}.Debug|x64.ActiveCfg = Debug|x64
		{93D2D6EC-74C8-4833-998D-B52A91368876}.Debug|x64.Build.0 = Debug|x64
		{93D2D6EC-74C8-4833-998D-B52A91368876}.Debug|x86.ActiveCfg = Debug|Win32
		{93D2D6EC-74C8-4833-998D-B52A91368876}.Debug|x86.Build.0 = Debug|Win32
		{93D2D6EC-74C8-4833-998D-B52A91368876}.Release|x64.ActiveCfg = Release|x64
		{93D2D6EC-74C8-4833-998D-B52A91368876}.Release|x64.Build.0 = Release|x64
		{93D2D6EC-74C8-4833-998D-B52A91368876}.Release|x86.ActiveCfg = Release|Win32
		{93D2D6EC-74C8-4833-998D-B52A91368876}.Release|x86.Build.0 = Release|Win32
	EndGlobalSection
	GlobalSection(SolutionProperties) = preSolution
		HideSolutionNode = FALSE
	EndGlobalSection
	GlobalSection(ExtensibilityGlobals) = postSolution
		SolutionGuid = {3DF6B302-166F-4008-B9B3-DA6D367D10E2}
	EndGlobalSection
EndGlobal
